GEM
  remote: https://rubygems.org/
  specs:
    ast (2.4.3)
    json (3.0.2)
    language_server-protocol (3.17.0.6)
    lint_roller (1.1.0)
    parallel (2.2.0)
    parser (3.3.12.0)
      ast (~> 2.4.1)
      racc
    prism (1.9.0)
    racc (1.8.1)
    rainbow (3.1.1)
    regexp_parser (2.12.0)
    rubocop (1.91.0)
      json (>= 2.3)
      language_server-protocol (~> 3.17.0.2)
      lint_roller (~> 1.1.0)
      parallel (>= 1.10)
      parser (>= 3.3.0.2)
      rainbow (>= 2.2.2, < 4.0)
      regexp_parser (>= 2.9.3, < 3.0)
      rubocop-ast (>= 1.49.0, < 2.0)
      ruby-progressbar (~> 1.7)
      unicode-display_width (>= 2.4.0, < 4.0)
    rubocop-ast (1.50.0)
      parser (>= 3.3.7.2)
      prism (~> 1.7)
    rubocop-minitest (0.40.0)
      lint_roller (~> 1.1)
      rubocop (>= 1.75.0, < 2.0)
      rubocop-ast (>= 1.38.0, < 2.0)
    rubocop-performance (1.27.0)
      lint_roller (~> 1.1)
      rubocop (>= 1.89.0, < 2.0)
      rubocop-ast (>= 1.47.1, < 2.0)
    rubocop-rake (0.7.1)
      lint_roller (~> 1.1)
      rubocop (>= 1.72.1)
    ruby-progressbar (1.13.0)
    unicode-display_width (3.2.0)
      unicode-emoji (~> 4.1)
    unicode-emoji (4.2.0)

PLATFORMS
  ruby
  x86_64-linux

DEPENDENCIES
  rubocop (~> 1.89)
  rubocop-minitest (~> 0.40)
  rubocop-performance (~> 1.26)
  rubocop-rake (~> 0.7)

CHECKSUMS
  ast (2.4.3) sha256=954615157c1d6a382bc27d690d973195e79db7f55e9765ac7c481c60bdb4d383
  bundler (4.0.18) sha256=02d9a17429de1847b4e0c9f27a9ee4b20c0a74c0a641b4e77195d6019e3618ac
  json (3.0.2) sha256=8e6d7e7b11384c21230430cef90b71f14849a34a1f4452796670f7c981bd19df
  language_server-protocol (3.17.0.6) sha256=5ef2c0c138f8267e1bc631d3328347d354f96724b0af22f2c79516120443b7f0
  lint_roller (1.1.0) sha256=2c0c845b632a7d172cb849cc90c1bce937a28c5c8ccccb50dfd46a485003cc87
  parallel (2.2.0) sha256=e1059c5fd7b649558a0aec38a769f06a42942bdb40503d005a59c352fe011cd8
  parser (3.3.12.0) sha256=21a6d7f755d5a24dfbdc6e6b772e4e879a52e7631a88bc5a3a134606052c9828
  prism (1.9.0) sha256=7b530c6a9f92c24300014919c9dcbc055bf4cdf51ec30aed099b06cd6674ef85
  racc (1.8.1) sha256=4a7f6929691dbec8b5209a0b373bc2614882b55fc5d2e447a21aaa691303d62f
  rainbow (3.1.1) sha256=039491aa3a89f42efa1d6dec2fc4e62ede96eb6acd95e52f1ad581182b79bc6a
  regexp_parser (2.12.0) sha256=35a916a1d63190ab5c9009457136ae5f3c0c7512d60291d0d1378ba18ce08ebb
  rubocop (1.91.0) sha256=9c82b7bf391c5d7e3798c5b9996e22a1fe3bd7468e351dfdeb96140c058296d0
  rubocop-ast (1.50.0) sha256=b9ca88300da0803ee222ad20cdb30494c0a784eed06fdc35d254b06d662788db
  rubocop-minitest (0.40.0) sha256=353c698199115f12151144cf0b5a96f69bb9d77b660cf6536df2c4250c672a9d
  rubocop-performance (1.27.0) sha256=eeeb1374d062a368ee1c787b70eb0b0cc4b184cb1f8565f424760946146d61ce
  rubocop-rake (0.7.1) sha256=3797f2b6810c3e9df7376c26d5f44f3475eda59eb1adc38e6f62ecf027cbae4d
  ruby-progressbar (1.13.0) sha256=80fc9c47a9b640d6834e0dc7b3c94c9df37f08cb072b7761e4a71e22cff29b33
  unicode-display_width (3.2.0) sha256=0cdd96b5681a5949cdbc2c55e7b420facae74c4aaf9a9815eee1087cb1853c42
  unicode-emoji (4.2.0) sha256=519e69150f75652e40bf736106cfbc8f0f73aa3fb6a65afe62fefa7f80b0f80f

BUNDLED WITH
  4.0.18
